Microsoft Visual Studio Solution File, Format Version 12.00
# Visual Studio Version 17
VisualStudioVersion = 17.5.2.0
MinimumVisualStudioVersion = 10.0.40219.1
Project("{FAE04EC0-301F-11D3-BF4B-00C04F79EFBC}") = "Assembly-CSharp-Editor", "Subreal\Assembly-CSharp-Editor.csproj", "{43359774-54A4-1918-DFC5-00ACDE6762C3}"
EndProject
Project("{FAE04EC0-301F-11D3-BF4B-00C04F79EFBC}") = "Assembly-CSharp", "Subreal\Assembly-CSharp.csproj", "{D1310F93-4948-0FC3-E151-85EA73C13F73}"
EndProject
Global
	GlobalSection(SolutionConfigurationPlatforms) = preSolution
		Debug|Any CPU = Debug|Any CPU
		Release|Any CPU = Release|Any CPU
	EndGlobalSection
	GlobalSection(ProjectConfigurationPlatforms) = postSolution
		{43359774-54A4-1918-DFC5-00ACDE6762C3}.Debug|Any CPU.ActiveCfg = Debug|Any CPU
		{43359774-54A4-1918-DFC5-00ACDE6762C3}.Debug|Any CPU.Build.0 = Debug|Any CPU
		{43359774-54A4-1918-DFC5-00ACDE6762C3}.Release|Any CPU.ActiveCfg = Release|Any CPU
		{43359774-54A4-1918-DFC5-00ACDE6762C3}.Release|Any CPU.Build.0 = Release|Any CPU
		{D1310F93-4948-0FC3-E151-85EA73C13F73}.Debug|Any CPU.ActiveCfg = Debug|Any CPU
		{D1310F93-4948-0FC3-E151-85EA73C13F73}.Debug|Any CPU.Build.0 = Debug|Any CPU
		{D1310F93-4948-0FC3-E151-85EA73C13F73}.Release|Any CPU.ActiveCfg = Release|Any CPU
		{D1310F93-4948-0FC3-E151-85EA73C13F73}.Release|Any CPU.Build.0 = Release|Any CPU
	EndGlobalSection
	GlobalSection(SolutionProperties) = preSolution
		HideSolutionNode = FALSE
	EndGlobalSection
	GlobalSection(ExtensibilityGlobals) = postSolution
		SolutionGuid = {EC84B2FB-448E-4A2A-926C-20F60701FCCF}
	EndGlobalSection
EndGlobal
